
Microsoft Visual Studio Solution File, Format Version 12.00
# Visual Studio Version 16
VisualStudioVersion = 16.0.31229.75
MinimumVisualStudioVersion = 10.0.40219.1
Project("{9A19103F-16F7-4668-BE54-9A1E7A4F7556}") = "BUTR.CrashReportViewer.Server", "BUTR.CrashReportViewer\Server\BUTR.CrashReportViewer.Server.csproj", "{7D4C0C44-5059-4ED5-9304-FF0A573EE023}"
EndProject
Project("{9A19103F-16F7-4668-BE54-9A1E7A4F7556}") = "BUTR.CrashReportViewer.Client", "BUTR.CrashReportViewer\Client\BUTR.CrashReportViewer.Client.csproj", "{F076380C-E4D2-4ACB-821A-CB0ACE21E9CF}"
EndProject
Project("{9A19103F-16F7-4668-BE54-9A1E7A4F7556}") = "BUTR.CrashReportViewer.Shared", "BUTR.CrashReportViewer\Shared\BUTR.CrashReportViewer.Shared.csproj", "{273F664A-847C-429B-8A7D-FA83FCE8C2E1}"
EndProject
Global
	GlobalSection(SolutionConfigurationPlatforms) = preSolution
		Debug|Any CPU = Debug|Any CPU
		Release|Any CPU = Release|Any CPU
	EndGlobalSection
	GlobalSection(ProjectConfigurationPlatforms) = postSolution
		{7D4C0C44-5059-4ED5-9304-FF0A573EE023}.Debug|Any CPU.ActiveCfg = Debug|Any CPU
		{7D4C0C44-5059-4ED5-9304-FF0A573EE023}.Debug|Any CPU.Build.0 = Debug|Any CPU
		{7D4C0C44-5059-4ED5-9304-FF0A573EE023}.Release|Any CPU.ActiveCfg = Release|Any CPU
		{7D4C0C44-5059-4ED5-9304-FF0A573EE023}.Release|Any CPU.Build.0 = Release|Any CPU
		{F076380C-E4D2-4ACB-821A-CB0ACE21E9CF}.Debug|Any CPU.ActiveCfg = Debug|Any CPU
		{F076380C-E4D2-4ACB-821A-CB0ACE21E9CF}.Debug|Any CPU.Build.0 = Debug|Any CPU
		{F076380C-E4D2-4ACB-821A-CB0ACE21E9CF}.Release|Any CPU.ActiveCfg = Release|Any CPU
		{F076380C-E4D2-4ACB-821A-CB0ACE21E9CF}.Release|Any CPU.Build.0 = Release|Any CPU
		{273F664A-847C-429B-8A7D-FA83FCE8C2E1}.Debug|Any CPU.ActiveCfg = Debug|Any CPU
		{273F664A-847C-429B-8A7D-FA83FCE8C2E1}.Debug|Any CPU.Build.0 = Debug|Any CPU
		{273F664A-847C-429B-8A7D-FA83FCE8C2E1}.Release|Any CPU.ActiveCfg = Release|Any CPU
		{273F664A-847C-429B-8A7D-FA83FCE8C2E1}.Release|Any CPU.Build.0 = Release|Any CPU
	EndGlobalSection
	GlobalSection(SolutionProperties) = preSolution
		HideSolutionNode = FALSE
	EndGlobalSection
	GlobalSection(ExtensibilityGlobals) = postSolution
		SolutionGuid = {5CC1A63D-E570-4BEB-8282-0BD9B24B5C5C}
	EndGlobalSection
EndGlobal
